{
  "name": "ngx-mousetrap",
  "version": "0.0.1",
  "lockfileVersion": 1,
  "requires": true,
  "dependencies": {
    "@angular/common": {
      "version": "9.1.11",
      "resolved": "https://registry.npmjs.org/@angular/common/-/common-9.1.11.tgz",
      "integrity": "sha512-Vh5lF7zWwDK9RedmYXUc8vUXyrecR3j1mAWlTlnmcHYxxFThPzN/dr0slQcPi6nyJn0EmyRKUGvAoZx4rIb7wg==",
      "dev": true
    },
    "@angular/core": {
      "version": "9.1.11",
      "resolved": "https://registry.npmjs.org/@angular/core/-/core-9.1.11.tgz",
      "integrity": "sha512-KAlEedBo761O1aeoTJVziOSHi8Fttk9ipvbDZXYT/o0W/KdVwubxP34g9t5aD8LCcF8+L0z4VLw++HjdJAUpwg==",
      "dev": true
    },
    "mousetrap": {
      "version": "1.6.5",
      "resolved": "https://registry.npmjs.org/mousetrap/-/mousetrap-1.6.5.tgz",
      "integrity": "sha512-QNo4kEepaIBwiT8CDhP98umTetp+JNfQYBWvC1pc6/OAibuXtRcxZ58Qz8skvEHYvURne/7R8T5VoOI7rDsEUA==",
      "dev": true
    },
    "tslib": {
      "version": "1.13.0",
      "resolved": "https://registry.npmjs.org/tslib/-/tslib-1.13.0.tgz",
      "integrity": "sha512-i/6DQjL8Xf3be4K/E6Wgpekn5Qasl1usyw++dAA35Ue5orEn65VIxOA+YvNNl9HV3qv70T7CNwjODHZrLwvd1Q==",
      "dev": true
    }
  }
}
